
Microsoft Visual Studio Solution File, Format Version 12.00
# Visual Studio Version 17
VisualStudioVersion = 17.10.34928.147
MinimumVisualStudioVersion = 10.0.40219.1
Project("{FAE04EC0-301F-11D3-BF4B-00C04F79EFBC}") = "Databinding3_ClassLibrary", "Databinding3_ClassLibrary\Databinding3_ClassLibrary.csproj", "{D4DF97F4-D6F5-486D-B3B5-279F1813FF05}"
EndProject
Project("{FAE04EC0-301F-11D3-BF4B-00C04F79EFBC}") = "ToolsLibrary", "ToolsLibrary\ToolsLibrary.csproj", "{553B37E2-806A-4009-832C-5793A0A40116}"
EndProject
Global
	GlobalSection(SolutionConfigurationPlatforms) = preSolution
		Debug|Any CPU = Debug|Any CPU
		Release|Any CPU = Release|Any CPU
	EndGlobalSection
	GlobalSection(ProjectConfigurationPlatforms) = postSolution
		{D4DF97F4-D6F5-486D-B3B5-279F1813FF05}.Debug|Any CPU.ActiveCfg = Debug|Any CPU
		{D4DF97F4-D6F5-486D-B3B5-279F1813FF05}.Debug|Any CPU.Build.0 = Debug|Any CPU
		{D4DF97F4-D6F5-486D-B3B5-279F1813FF05}.Release|Any CPU.ActiveCfg = Release|Any CPU
		{D4DF97F4-D6F5-486D-B3B5-279F1813FF05}.Release|Any CPU.Build.0 = Release|Any CPU
		{553B37E2-806A-4009-832C-5793A0A40116}.Debug|Any CPU.ActiveCfg = Debug|Any CPU
		{553B37E2-806A-4009-832C-5793A0A40116}.Debug|Any CPU.Build.0 = Debug|Any CPU
		{553B37E2-806A-4009-832C-5793A0A40116}.Release|Any CPU.ActiveCfg = Release|Any CPU
		{553B37E2-806A-4009-832C-5793A0A40116}.Release|Any CPU.Build.0 = Release|Any CPU
	EndGlobalSection
	GlobalSection(SolutionProperties) = preSolution
		HideSolutionNode = FALSE
	EndGlobalSection
	GlobalSection(ExtensibilityGlobals) = postSolution
		SolutionGuid = {06F8F288-C9F1-4161-9585-A64F61BAD2F3}
	EndGlobalSection
EndGlobal
